#MicroXplorer Configuration settings - do not modify
File.Version=5
KeepUserPlacement=false
Mcu.Family=STM32F0
Mcu.IP0=NVIC
Mcu.IP1=RCC
Mcu.IP2=SPI1
Mcu.IPNb=3
Mcu.Name=STM32F051R8Tx
Mcu.Package=LQFP64
Mcu.Pin0=PA3
Mcu.Pin1=PA4
Mcu.Pin2=PA5
Mcu.Pin3=PA6
Mcu.Pin4=PA7
Mcu.Pin5=PA9
Mcu.Pin6=PA10
Mcu.PinsNb=7
Mcu.UserConstants=
Mcu.UserName=STM32F051R8Tx
MxCube.Version=4.12.0
MxDb.Version=DB.4.0.120
NVIC.SysTick_IRQn=true\:0\:0\:false
PA10.Locked=true
PA10.Signal=USART1_RX
PA3.GPIOParameters=GPIO_Label
PA3.GPIO_Label=RESET
PA3.Locked=true
PA3.Signal=GPIO_Output
PA4.GPIOParameters=GPIO_Label
PA4.GPIO_Label=CE
PA4.Locked=true
PA4.Signal=GPIO_Output
PA5.GPIOParameters=GPIO_Label
PA5.GPIO_Label=CLK
PA5.Mode=Simplex_Bidirectional_Master
PA5.Signal=SPI1_SCK
PA6.GPIOParameters=GPIO_Label
PA6.GPIO_Label=C/D
PA6.Locked=true
PA6.Signal=GPIO_Output
PA7.GPIOParameters=GPIO_Label
PA7.GPIO_Label=DATA
PA7.Mode=Simplex_Bidirectional_Master
PA7.Signal=SPI1_MOSI
PA9.Locked=true
PA9.Signal=USART1_TX
PCC.Checker=false
PCC.Line=STM32F0x1
PCC.MCU=STM32F051R8Tx
PCC.MXVersion=4.12.0
PCC.PartNumber=STM32F051R8Tx
PCC.Seq0=0
PCC.Series=STM32F0
PCC.Temperature=25
PCC.Vdd=3.6
RCC.CECFreq_Value=32786.88524590164
RCC.FamilyName=M
RCC.HSICECFreq_Value=32786.88524590164
RCC.IPParameters=FamilyName,HSICECFreq_Value,CECFreq_Value,TimSysFreq_Value,PLLCLKFreq_Value,PLLMCOFreq_Value
RCC.PLLCLKFreq_Value=8000000
RCC.PLLMCOFreq_Value=4000000
RCC.TimSysFreq_Value=8000000
SPI1.CalculateBaudRate=4.0 MBits/s
SPI1.Direction=SPI_DIRECTION_1LINE
SPI1.IPParameters=Mode,Direction,CalculateBaudRate
SPI1.Mode=SPI_MODE_MASTER
